
Microsoft Visual Studio Solution File, Format Version 12.00
# Visual Studio Version 17
VisualStudioVersion = 17.4.33205.214
MinimumVisualStudioVersion = 10.0.40219.1
Project("{FAE04EC0-301F-11D3-BF4B-00C04F79EFBC}") = "Yunikodo", "Yunikodo\Yunikodo.csproj", "{D16E7320-3B6A-48CD-BE1C-85974EF9D484}"
EndProject
Project("{FAE04EC0-301F-11D3-BF4B-00C04F79EFBC}") = "Yunikodo.QueryApp", "Yunikodo.QueryApp\Yunikodo.QueryApp.csproj", "{3EFB108B-6030-4336-9FCD-4D7E1F063696}"
EndProject
Global
	GlobalSection(SolutionConfigurationPlatforms) = preSolution
		Debug|Any CPU = Debug|Any CPU
		Release|Any CPU = Release|Any CPU
	EndGlobalSection
	GlobalSection(ProjectConfigurationPlatforms) = postSolution
		{D16E7320-3B6A-48CD-BE1C-85974EF9D484}.Debug|Any CPU.ActiveCfg = Debug|Any CPU
		{D16E7320-3B6A-48CD-BE1C-85974EF9D484}.Debug|Any CPU.Build.0 = Debug|Any CPU
		{D16E7320-3B6A-48CD-BE1C-85974EF9D484}.Release|Any CPU.ActiveCfg = Release|Any CPU
		{D16E7320-3B6A-48CD-BE1C-85974EF9D484}.Release|Any CPU.Build.0 = Release|Any CPU
		{3EFB108B-6030-4336-9FCD-4D7E1F063696}.Debug|Any CPU.ActiveCfg = Debug|Any CPU
		{3EFB108B-6030-4336-9FCD-4D7E1F063696}.Debug|Any CPU.Build.0 = Debug|Any CPU
		{3EFB108B-6030-4336-9FCD-4D7E1F063696}.Release|Any CPU.ActiveCfg = Release|Any CPU
		{3EFB108B-6030-4336-9FCD-4D7E1F063696}.Release|Any CPU.Build.0 = Release|Any CPU
	EndGlobalSection
	GlobalSection(SolutionProperties) = preSolution
		HideSolutionNode = FALSE
	EndGlobalSection
	GlobalSection(ExtensibilityGlobals) = postSolution
		SolutionGuid = {065A6C08-233E-45B9-B61B-9502E83048BE}
	EndGlobalSection
EndGlobal
